// !$*UTF8*$!
{
	archiveVersion = 1;
	classes = {
	};
	objectVersion = 50;
	objects = {

/* Begin PBXBuildFile section */
		3738D4F124C54EEF0049456A /* RequestManager.swift in Sources */ = {isa = PBXBuildFile; fileRef = 3738D4F024C54EEF0049456A /* RequestManager.swift */; };
		3738D4F524C555F70049456A /* Channel.swift in Sources */ = {isa = PBXBuildFile; fileRef = 3738D4F424C555F70049456A /* Channel.swift */; };
		3738D4F924C619600049456A /* MediaCell.swift in Sources */ = {isa = PBXBuildFile; fileRef = 3738D4F824C619600049456A /* MediaCell.swift */; };
		37517C6024C362990096E301 /* AppDelegate.swift in Sources */ = {isa = PBXBuildFile; fileRef = 37517C5F24C362990096E301 /* AppDelegate.swift */; };
		37517C6224C362990096E301 /* SceneDelegate.swift in Sources */ = {isa = PBXBuildFile; fileRef = 37517C6124C362990096E301 /* SceneDelegate.swift */; };
		37517C6724C362990096E301 /* Main.storyboard in Resources */ = {isa = PBXBuildFile; fileRef = 37517C6524C362990096E301 /* Main.storyboard */; };
		37517C6924C3629A0096E301 /* Assets.xcassets in Resources */ = {isa = PBXBuildFile; fileRef = 37517C6824C3629A0096E301 /* Assets.xcassets */; };
		37517C6C24C3629A0096E301 /* LaunchScreen.storyboard in Resources */ = {isa = PBXBuildFile; fileRef = 37517C6A24C3629A0096E301 /* LaunchScreen.storyboard */; };
		37BE3FAC24C366B2002706CE /* MainVC.swift in Sources */ = {isa = PBXBuildFile; fileRef = 37BE3FAB24C366B2002706CE /* MainVC.swift */; };
		37BE3FAE24C366BD002706CE /* PlayerVC.swift in Sources */ = {isa = PBXBuildFile; fileRef = 37BE3FAD24C366BD002706CE /* PlayerVC.swift */; };
		37BE3FB024C368CF002706CE /* UIImage+Ext.swift in Sources */ = {isa = PBXBuildFile; fileRef = 37BE3FAF24C368CF002706CE /* UIImage+Ext.swift */; };
		37BE3FB224C36F8C002706CE /* SetttingsVC.swift in Sources */ = {isa = PBXBuildFile; fileRef = 37BE3FB124C36F8C002706CE /* SetttingsVC.swift */; };
		37BE3FB424C36FF5002706CE /* AlertHelper.swift in Sources */ = {isa = PBXBuildFile; fileRef = 37BE3FB324C36FF5002706CE /* AlertHelper.swift */; };
		37BE3FB624C370E3002706CE /* Constants.swift in Sources */ = {isa = PBXBuildFile; fileRef = 37BE3FB524C370E3002706CE /* Constants.swift */; };
/* End PBXBuildFile section */

/* Begin PBXFileReference section */
		3738D4F024C54EEF0049456A /* RequestManager.swift */ = {isa = PBXFileReference; lastKnownFileType = sourcecode.swift; path = RequestManager.swift; sourceTree = "<group>"; };
		3738D4F424C555F70049456A /* Channel.swift */ = {isa = PBXFileReference; lastKnownFileType = sourcecode.swift; path = Channel.swift; sourceTree = "<group>"; };
		3738D4F824C619600049456A /* MediaCell.swift */ = {isa = PBXFileReference; lastKnownFileType = sourcecode.swift; path = MediaCell.swift; sourceTree = "<group>"; };
		37517C5C24C362990096E301 /* YMusic.my.app */ = {isa = PBXFileReference; explicitFileType = wrapper.application; includeInIndex = 0; path = YMusic.my.app; sourceTree = BUILT_PRODUCTS_DIR; };
		37517C5F24C362990096E301 /* AppDelegate.swift */ = {isa = PBXFileReference; lastKnownFileType = sourcecode.swift; path = AppDelegate.swift; sourceTree = "<group>"; };
		37517C6124C362990096E301 /* SceneDelegate.swift */ = {isa = PBXFileReference; lastKnownFileType = sourcecode.swift; path = SceneDelegate.swift; sourceTree = "<group>"; };
		37517C6624C362990096E301 /* Base */ = {isa = PBXFileReference; lastKnownFileType = file.storyboard; name = Base; path = Base.lproj/Main.storyboard; sourceTree = "<group>"; };
		37517C6824C3629A0096E301 /* Assets.xcassets */ = {isa = PBXFileReference; lastKnownFileType = folder.assetcatalog; path = Assets.xcassets; sourceTree = "<group>"; };
		37517C6B24C3629A0096E301 /* Base */ = {isa = PBXFileReference; lastKnownFileType = file.storyboard; name = Base; path = Base.lproj/LaunchScreen.storyboard; sourceTree = "<group>"; };
		37517C6D24C3629A0096E301 /* Info.plist */ = {isa = PBXFileReference; lastKnownFileType = text.plist.xml; path = Info.plist; sourceTree = "<group>"; };
		37BE3FAB24C366B2002706CE /* MainVC.swift */ = {isa = PBXFileReference; lastKnownFileType = sourcecode.swift; path = MainVC.swift; sourceTree = "<group>"; };
		37BE3FAD24C366BD002706CE /* PlayerVC.swift */ = {isa = PBXFileReference; lastKnownFileType = sourcecode.swift; path = PlayerVC.swift; sourceTree = "<group>"; };
		37BE3FAF24C368CF002706CE /* UIImage+Ext.swift */ = {isa = PBXFileReference; lastKnownFileType = sourcecode.swift; path = "UIImage+Ext.swift"; sourceTree = "<group>"; };
		37BE3FB124C36F8C002706CE /* SetttingsVC.swift */ = {isa = PBXFileReference; lastKnownFileType = sourcecode.swift; path = SetttingsVC.swift; sourceTree = "<group>"; };
		37BE3FB324C36FF5002706CE /* AlertHelper.swift */ = {isa = PBXFileReference; lastKnownFileType = sourcecode.swift; path = AlertHelper.swift; sourceTree = "<group>"; };
		37BE3FB524C370E3002706CE /* Constants.swift */ = {isa = PBXFileReference; lastKnownFileType = sourcecode.swift; path = Constants.swift; sourceTree = "<group>"; };
/* End PBXFileReference section */

/* Begin PBXFrameworksBuildPhase section */
		37517C5924C362990096E301 /* Frameworks */ = {
			isa = PBXFrameworksBuildPhase;
			buildActionMask = 2147483647;
			files = (
			);
			runOnlyForDeploymentPostprocessing = 0;
		};
/* End PBXFrameworksBuildPhase section */

/* Begin PBXGroup section */
		37517C5324C362990096E301 = {
			isa = PBXGroup;
			children = (
				37517C5E24C362990096E301 /* YMusic.my */,
				37517C5D24C362990096E301 /* Products */,
			);
			sourceTree = "<group>";
		};
		37517C5D24C362990096E301 /* Products */ = {
			isa = PBXGroup;
			children = (
				37517C5C24C362990096E301 /* YMusic.my.app */,
			);
			name = Products;
			sourceTree = "<group>";
		};
		37517C5E24C362990096E301 /* YMusic.my */ = {
			isa = PBXGroup;
			children = (
				37BE3FAA24C363BB002706CE /* Extensions */,
				37BE3FA924C363B5002706CE /* AppDelegate */,
				37BE3FA824C363B2002706CE /* Model */,
				37BE3FA724C363AE002706CE /* View */,
				37BE3FA624C363A6002706CE /* Controller */,
				37BE3FA524C3639E002706CE /* Storyboards */,
				37BE3FA424C36396002706CE /* Resources */,
				37BE3FA324C3638D002706CE /* Supporting Files */,
				37517C6D24C3629A0096E301 /* Info.plist */,
			);
			path = YMusic.my;
			sourceTree = "<group>";
		};
		37BE3FA324C3638D002706CE /* Supporting Files */ = {
			isa = PBXGroup;
			children = (
				37BE3FB324C36FF5002706CE /* AlertHelper.swift */,
				37BE3FB524C370E3002706CE /* Constants.swift */,
				3738D4F024C54EEF0049456A /* RequestManager.swift */,
			);
			path = "Supporting Files";
			sourceTree = "<group>";
		};
		37BE3FA424C36396002706CE /* Resources */ = {
			isa = PBXGroup;
			children = (
				37517C6824C3629A0096E301 /* Assets.xcassets */,
			);
			path = Resources;
			sourceTree = "<group>";
		};
		37BE3FA524C3639E002706CE /* Storyboards */ = {
			isa = PBXGroup;
			children = (
				37517C6524C362990096E301 /* Main.storyboard */,
				37517C6A24C3629A0096E301 /* LaunchScreen.storyboard */,
			);
			path = Storyboards;
			sourceTree = "<group>";
		};
		37BE3FA624C363A6002706CE /* Controller */ = {
			isa = PBXGroup;
			children = (
				37BE3FAB24C366B2002706CE /* MainVC.swift */,
				37BE3FAD24C366BD002706CE /* PlayerVC.swift */,
				37BE3FB124C36F8C002706CE /* SetttingsVC.swift */,
			);
			path = Controller;
			sourceTree = "<group>";
		};
		37BE3FA724C363AE002706CE /* View */ = {
			isa = PBXGroup;
			children = (
				3738D4F824C619600049456A /* MediaCell.swift */,
			);
			path = View;
			sourceTree = "<group>";
		};
		37BE3FA824C363B2002706CE /* Model */ = {
			isa = PBXGroup;
			children = (
				3738D4F424C555F70049456A /* Channel.swift */,
			);
			path = Model;
			sourceTree = "<group>";
		};
		37BE3FA924C363B5002706CE /* AppDelegate */ = {
			isa = PBXGroup;
			children = (
				37517C5F24C362990096E301 /* AppDelegate.swift */,
				37517C6124C362990096E301 /* SceneDelegate.swift */,
			);
			path = AppDelegate;
			sourceTree = "<group>";
		};
		37BE3FAA24C363BB002706CE /* Extensions */ = {
			isa = PBXGroup;
			children = (
				37BE3FAF24C368CF002706CE /* UIImage+Ext.swift */,
			);
			path = Extensions;
			sourceTree = "<group>";
		};
/* End PBXGroup section */

/* Begin PBXNativeTarget section */
		37517C5B24C362990096E301 /* YMusic.my */ = {
			isa = PBXNativeTarget;
			buildConfigurationList = 37517C7024C3629A0096E301 /* Build configuration list for PBXNativeTarget "YMusic.my" */;
			buildPhases = (
				37517C5824C362990096E301 /* Sources */,
				37517C5924C362990096E301 /* Frameworks */,
				37517C5A24C362990096E301 /* Resources */,
			);
			buildRules = (
			);
			dependencies = (
			);
			name = YMusic.my;
			productName = YMusic.my;
			productReference = 37517C5C24C362990096E301 /* YMusic.my.app */;
			productType = "com.apple.product-type.application";
		};
/* End PBXNativeTarget section */

/* Begin PBXProject section */
		37517C5424C362990096E301 /* Project object */ = {
			isa = PBXProject;
			attributes = {
				LastSwiftUpdateCheck = 1160;
				LastUpgradeCheck = 1160;
				ORGANIZATIONNAME = "Денис Андриевский";
				TargetAttributes = {
					37517C5B24C362990096E301 = {
						CreatedOnToolsVersion = 11.6;
					};
				};
			};
			buildConfigurationList = 37517C5724C362990096E301 /* Build configuration list for PBXProject "YMusic.my" */;
			compatibilityVersion = "Xcode 9.3";
			developmentRegion = en;
			hasScannedForEncodings = 0;
			knownRegions = (
				en,
				Base,
			);
			mainGroup = 37517C5324C362990096E301;
			productRefGroup = 37517C5D24C362990096E301 /* Products */;
			projectDirPath = "";
			projectRoot = "";
			targets = (
				37517C5B24C362990096E301 /* YMusic.my */,
			);
		};
/* End PBXProject section */

/* Begin PBXResourcesBuildPhase section */
		37517C5A24C362990096E301 /* Resources */ = {
			isa = PBXResourcesBuildPhase;
			buildActionMask = 2147483647;
			files = (
				37517C6C24C3629A0096E301 /* LaunchScreen.storyboard in Resources */,
				37517C6924C3629A0096E301 /* Assets.xcassets in Resources */,
				37517C6724C362990096E301 /* Main.storyboard in Resources */,
			);
			runOnlyForDeploymentPostprocessing = 0;
		};
/* End PBXResourcesBuildPhase section */

/* Begin PBXSourcesBuildPhase section */
		37517C5824C362990096E301 /* Sources */ = {
			isa = PBXSourcesBuildPhase;
			buildActionMask = 2147483647;
			files = (
				37BE3FB224C36F8C002706CE /* SetttingsVC.swift in Sources */,
				3738D4F924C619600049456A /* MediaCell.swift in Sources */,
				3738D4F524C555F70049456A /* Channel.swift in Sources */,
				37BE3FB024C368CF002706CE /* UIImage+Ext.swift in Sources */,
				37517C6024C362990096E301 /* AppDelegate.swift in Sources */,
				37BE3FAC24C366B2002706CE /* MainVC.swift in Sources */,
				37BE3FB424C36FF5002706CE /* AlertHelper.swift in Sources */,
				37517C6224C362990096E301 /* SceneDelegate.swift in Sources */,
				3738D4F124C54EEF0049456A /* RequestManager.swift in Sources */,
				37BE3FAE24C366BD002706CE /* PlayerVC.swift in Sources */,
				37BE3FB624C370E3002706CE /* Constants.swift in Sources */,
			);
			runOnlyForDeploymentPostprocessing = 0;
		};
/* End PBXSourcesBuildPhase section */

/* Begin PBXVariantGroup section */
		37517C6524C362990096E301 /* Main.storyboard */ = {
			isa = PBXVariantGroup;
			children = (
				37517C6624C362990096E301 /* Base */,
			);
			name = Main.storyboard;
			sourceTree = "<group>";
		};
		37517C6A24C3629A0096E301 /* LaunchScreen.storyboard */ = {
			isa = PBXVariantGroup;
			children = (
				37517C6B24C3629A0096E301 /* Base */,
			);
			name = LaunchScreen.storyboard;
			sourceTree = "<group>";
		};
/* End PBXVariantGroup section */

/* Begin XCBuildConfiguration section */
		37517C6E24C3629A0096E301 /* Debug */ = {
			isa = XCBuildConfiguration;
			buildSettings = {
				ALWAYS_SEARCH_USER_PATHS = NO;
				CLANG_ANALYZER_NONNULL = YES;
				CLANG_ANALYZER_NUMBER_OBJECT_CONVERSION = YES_AGGRESSIVE;
				CLANG_CXX_LANGUAGE_STANDARD = "gnu++14";
				CLANG_CXX_LIBRARY = "libc++";
				CLANG_ENABLE_MODULES = YES;
				CLANG_ENABLE_OBJC_ARC = YES;
				CLANG_ENABLE_OBJC_WEAK = YES;
				CLANG_WARN_BLOCK_CAPTURE_AUTORELEASING = YES;
				CLANG_WARN_BOOL_CONVERSION = YES;
				CLANG_WARN_COMMA = YES;
				CLANG_WARN_CONSTANT_CONVERSION = YES;
				CLANG_WARN_DEPRECATED_OBJC_IMPLEMENTATIONS = YES;
				CLANG_WARN_DIRECT_OBJC_ISA_USAGE = YES_ERROR;
				CLANG_WARN_DOCUMENTATION_COMMENTS = YES;
				CLANG_WARN_EMPTY_BODY = YES;
				CLANG_WARN_ENUM_CONVERSION = YES;
				CLANG_WARN_INFINITE_RECURSION = YES;
				CLANG_WARN_INT_CONVERSION = YES;
				CLANG_WARN_NON_LITERAL_NULL_CONVERSION = YES;
				CLANG_WARN_OBJC_IMPLICIT_RETAIN_SELF = YES;
				CLANG_WARN_OBJC_LITERAL_CONVERSION = YES;
				CLANG_WARN_OBJC_ROOT_CLASS = YES_ERROR;
				CLANG_WARN_RANGE_LOOP_ANALYSIS = YES;
				CLANG_WARN_STRICT_PROTOTYPES = YES;
				CLANG_WARN_SUSPICIOUS_MOVE = YES;
				CLANG_WARN_UNGUARDED_AVAILABILITY = YES_AGGRESSIVE;
				CLANG_WARN_UNREACHABLE_CODE = YES;
				CLANG_WARN__DUPLICATE_METHOD_MATCH = YES;
				COPY_PHASE_STRIP = NO;
				DEBUG_INFORMATION_FORMAT = dwarf;
				ENABLE_STRICT_OBJC_MSGSEND = YES;
				ENABLE_TESTABILITY = YES;
				GCC_C_LANGUAGE_STANDARD = gnu11;
				GCC_DYNAMIC_NO_PIC = NO;
				GCC_NO_COMMON_BLOCKS = YES;
				GCC_OPTIMIZATION_LEVEL = 0;
				GCC_PREPROCESSOR_DEFINITIONS = (
					"DEBUG=1",
					"$(inherited)",
				);
				GCC_WARN_64_TO_32_BIT_CONVERSION = YES;
				GCC_WARN_ABOUT_RETURN_TYPE = YES_ERROR;
				GCC_WARN_UNDECLARED_SELECTOR = YES;
				GCC_WARN_UNINITIALIZED_AUTOS = YES_AGGRESSIVE;
				GCC_WARN_UNUSED_FUNCTION = YES;
				GCC_WARN_UNUSED_VARIABLE = YES;
				IPHONEOS_DEPLOYMENT_TARGET = 13.6;
				MTL_ENABLE_DEBUG_INFO = INCLUDE_SOURCE;
				MTL_FAST_MATH = YES;
				ONLY_ACTIVE_ARCH = YES;
				SDKROOT = iphoneos;
				SWIFT_ACTIVE_COMPILATION_CONDITIONS = DEBUG;
				SWIFT_OPTIMIZATION_LEVEL = "-Onone";
			};
			name = Debug;
		};
		37517C6F24C3629A0096E301 /* Release */ = {
			isa = XCBuildConfiguration;
			buildSettings = {
				ALWAYS_SEARCH_USER_PATHS = NO;
				CLANG_ANALYZER_NONNULL = YES;
				CLANG_ANALYZER_NUMBER_OBJECT_CONVERSION = YES_AGGRESSIVE;
				CLANG_CXX_LANGUAGE_STANDARD = "gnu++14";
				CLANG_CXX_LIBRARY = "libc++";
				CLANG_ENABLE_MODULES = YES;
				CLANG_ENABLE_OBJC_ARC = YES;
				CLANG_ENABLE_OBJC_WEAK = YES;
				CLANG_WARN_BLOCK_CAPTURE_AUTORELEASING = YES;
				CLANG_WARN_BOOL_CONVERSION = YES;
				CLANG_WARN_COMMA = YES;
				CLANG_WARN_CONSTANT_CONVERSION = YES;
				CLANG_WARN_DEPRECATED_OBJC_IMPLEMENTATIONS = YES;
				CLANG_WARN_DIRECT_OBJC_ISA_USAGE = YES_ERROR;
				CLANG_WARN_DOCUMENTATION_COMMENTS = YES;
				CLANG_WARN_EMPTY_BODY = YES;
				CLANG_WARN_ENUM_CONVERSION = YES;
				CLANG_WARN_INFINITE_RECURSION = YES;
				CLANG_WARN_INT_CONVERSION = YES;
				CLANG_WARN_NON_LITERAL_NULL_CONVERSION = YES;
				CLANG_WARN_OBJC_IMPLICIT_RETAIN_SELF = YES;
				CLANG_WARN_OBJC_LITERAL_CONVERSION = YES;
				CLANG_WARN_OBJC_ROOT_CLASS = YES_ERROR;
				CLANG_WARN_RANGE_LOOP_ANALYSIS = YES;
				CLANG_WARN_STRICT_PROTOTYPES = YES;
				CLANG_WARN_SUSPICIOUS_MOVE = YES;
				CLANG_WARN_UNGUARDED_AVAILABILITY = YES_AGGRESSIVE;
				CLANG_WARN_UNREACHABLE_CODE = YES;
				CLANG_WARN__DUPLICATE_METHOD_MATCH = YES;
				COPY_PHASE_STRIP = NO;
				DEBUG_INFORMATION_FORMAT = "dwarf-with-dsym";
				ENABLE_NS_ASSERTIONS = NO;
				ENABLE_STRICT_OBJC_MSGSEND = YES;
				GCC_C_LANGUAGE_STANDARD = gnu11;
				GCC_NO_COMMON_BLOCKS = YES;
				GCC_WARN_64_TO_32_BIT_CONVERSION = YES;
				GCC_WARN_ABOUT_RETURN_TYPE = YES_ERROR;
				GCC_WARN_UNDECLARED_SELECTOR = YES;
				GCC_WARN_UNINITIALIZED_AUTOS = YES_AGGRESSIVE;
				GCC_WARN_UNUSED_FUNCTION = YES;
				GCC_WARN_UNUSED_VARIABLE = YES;
				IPHONEOS_DEPLOYMENT_TARGET = 13.6;
				MTL_ENABLE_DEBUG_INFO = NO;
				MTL_FAST_MATH = YES;
				SDKROOT = iphoneos;
				SWIFT_COMPILATION_MODE = wholemodule;
				SWIFT_OPTIMIZATION_LEVEL = "-O";
				VALIDATE_PRODUCT = YES;
			};
			name = Release;
		};
		37517C7124C3629A0096E301 /* Debug */ = {
			isa = XCBuildConfiguration;
			buildSettings = {
				ASSETCATALOG_COMPILER_APPICON_NAME = AppIcon;
				CODE_SIGN_STYLE = Automatic;
				DEVELOPMENT_TEAM = 452BPWXS55;
				INFOPLIST_FILE = YMusic.my/Info.plist;
				IPHONEOS_DEPLOYMENT_TARGET = 13.0;
				LD_RUNPATH_SEARCH_PATHS = (
					"$(inherited)",
					"@executable_path/Frameworks",
				);
				PRODUCT_BUNDLE_IDENTIFIER = "com.den444ick.YMusic-my";
				PRODUCT_NAME = "$(TARGET_NAME)";
				SWIFT_VERSION = 5.0;
				TARGETED_DEVICE_FAMILY = 1;
			};
			name = Debug;
		};
		37517C7224C3629A0096E301 /* Release */ = {
			isa = XCBuildConfiguration;
			buildSettings = {
				ASSETCATALOG_COMPILER_APPICON_NAME = AppIcon;
				CODE_SIGN_STYLE = Automatic;
				DEVELOPMENT_TEAM = 452BPWXS55;
				INFOPLIST_FILE = YMusic.my/Info.plist;
				IPHONEOS_DEPLOYMENT_TARGET = 13.0;
				LD_RUNPATH_SEARCH_PATHS = (
					"$(inherited)",
					"@executable_path/Frameworks",
				);
				PRODUCT_BUNDLE_IDENTIFIER = "com.den444ick.YMusic-my";
				PRODUCT_NAME = "$(TARGET_NAME)";
				SWIFT_VERSION = 5.0;
				TARGETED_DEVICE_FAMILY = 1;
			};
			name = Release;
		};
/* End XCBuildConfiguration section */

/* Begin XCConfigurationList section */
		37517C5724C362990096E301 /* Build configuration list for PBXProject "YMusic.my" */ = {
			isa = XCConfigurationList;
			buildConfigurations = (
				37517C6E24C3629A0096E301 /* Debug */,
				37517C6F24C3629A0096E301 /* Release */,
			);
			defaultConfigurationIsVisible = 0;
			defaultConfigurationName = Release;
		};
		37517C7024C3629A0096E301 /* Build configuration list for PBXNativeTarget "YMusic.my" */ = {
			isa = XCConfigurationList;
			buildConfigurations = (
				37517C7124C3629A0096E301 /* Debug */,
				37517C7224C3629A0096E301 /* Release */,
			);
			defaultConfigurationIsVisible = 0;
			defaultConfigurationName = Release;
		};
/* End XCConfigurationList section */
	};
	rootObject = 37517C5424C362990096E301 /* Project object */;
}
